
Microsoft Visual Studio Solution File, Format Version 12.00
# Visual Studio Version 16
VisualStudioVersion = 16.0.29613.14
MinimumVisualStudioVersion = 10.0.40219.1
Project("{2150E333-8FDC-42A3-9474-1A3956D46DE8}") = "src", "src", "{2E09AAA4-78A8-4999-98DD-1A9EE4977476}"
EndProject
Project("{2150E333-8FDC-42A3-9474-1A3956D46DE8}") = "Services", "Services", "{E57E3669-8DF0-467B-84FD-3D0ABAAB8B3C}"
EndProject
Project("{2150E333-8FDC-42A3-9474-1A3956D46DE8}") = "Definition", "Definition", "{436059A2-B8EF-444E-A3BE-16E3BAAFB9FC}"
EndProject
Project("{9A19103F-16F7-4668-BE54-9A1E7A4F7556}") = "Definition.Api", "src\Services\Definition\Definition.Api\Definition.Api.csproj", "{B04991E3-8BBD-4CAD-B254-3B67C25B1659}"
EndProject
Project("{2150E333-8FDC-42A3-9474-1A3956D46DE8}") = "Framework", "Framework", "{C0C71468-06F7-4931-A80B-D4663438FD28}"
EndProject
Project("{9A19103F-16F7-4668-BE54-9A1E7A4F7556}") = "Career.Shared", "src\Framework\Career.Shared\Career.Shared.csproj", "{41B0E4FA-1CF1-49A9-817A-AA5DC235C966}"
EndProject
Project("{9A19103F-16F7-4668-BE54-9A1E7A4F7556}") = "Career.Mvc", "src\Framework\Career.Mvc\Career.Mvc.csproj", "{6F6D0DA7-3039-425A-9242-DDFF88826445}"
EndProject
Project("{9A19103F-16F7-4668-BE54-9A1E7A4F7556}") = "Career.Extensions", "src\Framework\Career.Extensions\Career.Extensions.csproj", "{DDB97916-F812-4DBC-9A2A-E35A476C1977}"
EndProject
Project("{9A19103F-16F7-4668-BE54-9A1E7A4F7556}") = "Career.IoC", "src\Framework\Career.IoC\Career.IoC.csproj", "{6CDE738A-5B49-4075-9402-1C70FEBCBCA9}"
EndProject
Project("{E53339B2-1760-4266-BCC7-CA923CBCF16C}") = "docker-compose", "docker-compose.dcproj", "{01C763AF-65FA-4129-9F88-52C9F3FC2897}"
EndProject
Project("{2150E333-8FDC-42A3-9474-1A3956D46DE8}") = "Solution Items", "Solution Items", "{E4F47059-395A-496F-A577-14FF6B7D581A}"
	ProjectSection(SolutionItems) = preProject
		.editorconfig = .editorconfig
		.env = .env
	EndProjectSection
EndProject
Project("{9A19103F-16F7-4668-BE54-9A1E7A4F7556}") = "Career.Repositories", "src\Framework\Career.Repositories\Career.Repositories.csproj", "{4E90222C-5332-49D5-AAB9-9BA6C29F1622}"
EndProject
Project("{9A19103F-16F7-4668-BE54-9A1E7A4F7556}") = "Career.Mongo", "src\Framework\Career.Mongo\Career.Mongo.csproj", "{D67BBDB7-9CE7-4AF9-915F-78508CAA1183}"
EndProject
Project("{9A19103F-16F7-4668-BE54-9A1E7A4F7556}") = "Career.Migration", "src\Framework\Career.Migration\Career.Migration.csproj", "{2FFE4542-7B32-4A3E-8169-17B3A750E9EC}"
EndProject
Project("{FAE04EC0-301F-11D3-BF4B-00C04F79EFBC}") = "Definition.Application", "src\Services\Definition\Definition.Application\Definition.Application.csproj", "{D9EFFD20-DC78-41E5-94F3-10CC78D6F58F}"
EndProject
Project("{FAE04EC0-301F-11D3-BF4B-00C04F79EFBC}") = "Definition.Data", "src\Services\Definition\Definition.Data\Definition.Data.csproj", "{13C74845-9C1F-45F2-B10D-3E85FA1800A9}"
EndProject
Project("{FAE04EC0-301F-11D3-BF4B-00C04F79EFBC}") = "Career.Exceptions", "src\Framework\Career.Exceptions\Career.Exceptions.csproj", "{79FEB884-CE19-47B4-AC3D-86B7DA849655}"
EndProject
Project("{FAE04EC0-301F-11D3-BF4B-00C04F79EFBC}") = "Career.Swagger", "src\Framework\Career.Swagger\Career.Swagger.csproj", "{7F44D5CB-5430-4C81-AE7D-E24EE1C9CA37}"
EndProject
Project("{FAE04EC0-301F-11D3-BF4B-00C04F79EFBC}") = "Career.Data", "src\Framework\Career.Data\Career.Data.csproj", "{8C996EEB-B34C-4B12-AB00-F7BFF8011C99}"
EndProject
Project("{FAE04EC0-301F-11D3-BF4B-00C04F79EFBC}") = "Career.Logging", "src\Framework\Career.Logging\Career.Logging.csproj", "{52B67788-37B8-4F0A-A29C-7D46B6101804}"
EndProject
Project("{FAE04EC0-301F-11D3-BF4B-00C04F79EFBC}") = "Career.Cache", "src\Framework\Career.Cache\Career.Cache.csproj", "{CDAA2939-EC3D-49E4-BEC4-CA86E5CFF0E2}"
EndProject
Project("{FAE04EC0-301F-11D3-BF4B-00C04F79EFBC}") = "Career.Cache.Redis", "src\Framework\Career.Cache.Redis\Career.Cache.Redis.csproj", "{9303B26D-717B-40B6-9E85-72A75C8E238E}"
EndProject
Project("{FAE04EC0-301F-11D3-BF4B-00C04F79EFBC}") = "Definition.Contract", "src\Services\Definition\Definition.Contract\Definition.Contract.csproj", "{BB0AB8DE-6F47-49BA-BF11-8C035D2699D2}"
EndProject
Project("{FAE04EC0-301F-11D3-BF4B-00C04F79EFBC}") = "Career.Http", "src\Framework\Career.Http\Career.Http.csproj", "{71E2EFC5-A58D-472B-B414-37F626C97D42}"
EndProject
Project("{FAE04EC0-301F-11D3-BF4B-00C04F79EFBC}") = "Definition.HttpClient", "src\Services\Definition\Definition.HttpClient\Definition.HttpClient.csproj", "{9B66AE7B-5682-46BE-BF1F-CC231855C703}"
EndProject
Project("{FAE04EC0-301F-11D3-BF4B-00C04F79EFBC}") = "Definition.Test", "src\Services\Definition\Definition.Test\Definition.Test.csproj", "{4AA738DF-F742-4128-BBFD-08561BA2FF79}"
EndProject
Project("{2150E333-8FDC-42A3-9474-1A3956D46DE8}") = "Company", "Company", "{9A2B9DDE-F1E3-45D3-A5E1-0DE6D5E8AA64}"
EndProject
Project("{FAE04EC0-301F-11D3-BF4B-00C04F79EFBC}") = "Company.Api", "src\Services\Company\Company.Api\Company.Api.csproj", "{59E63292-05D5-4B0E-858D-8A24E40B1571}"
EndProject
Project("{FAE04EC0-301F-11D3-BF4B-00C04F79EFBC}") = "Company.Application", "src\Services\Company\Company.Application\Company.Application.csproj", "{11BA1984-91A2-419B-AC29-1BEEB0AEE870}"
EndProject
Project("{FAE04EC0-301F-11D3-BF4B-00C04F79EFBC}") = "Company.Domain", "src\Services\Company\Company.Domain\Company.Domain.csproj", "{F56B4200-D398-4DFF-AED7-0EF1EA5E903D}"
EndProject
Project("{FAE04EC0-301F-11D3-BF4B-00C04F79EFBC}") = "Company.Persistence", "src\Services\Company\Company.Persistence\Company.Persistence.csproj", "{B5DFD523-622F-4096-B73F-4758F8453C7C}"
EndProject
Project("{FAE04EC0-301F-11D3-BF4B-00C04F79EFBC}") = "Company.Infrastructure", "src\Services\Company\Company.Infrastructure\Company.Infrastructure.csproj", "{D726398E-C849-46AE-8B45-E9CC07166240}"
EndProject
Project("{FAE04EC0-301F-11D3-BF4B-00C04F79EFBC}") = "Career.Configuration", "src\Framework\Career.Configuration\Career.Configuration.csproj", "{A8E3A57E-BB31-49E4-AE69-7723EDBA3291}"
EndProject
Project("{FAE04EC0-301F-11D3-BF4B-00C04F79EFBC}") = "Career.MediatR", "src\Framework\Career.MediatR\Career.MediatR.csproj", "{8EB9CC5F-E7F3-4C41-9BFD-387410127DB7}"
EndProject
Global
	GlobalSection(SolutionConfigurationPlatforms) = preSolution
		Debug|Any CPU = Debug|Any CPU
		Release|Any CPU = Release|Any CPU
	EndGlobalSection
	GlobalSection(ProjectConfigurationPlatforms) = postSolution
		{B04991E3-8BBD-4CAD-B254-3B67C25B1659}.Debug|Any CPU.ActiveCfg = Debug|Any CPU
		{B04991E3-8BBD-4CAD-B254-3B67C25B1659}.Debug|Any CPU.Build.0 = Debug|Any CPU
		{B04991E3-8BBD-4CAD-B254-3B67C25B1659}.Release|Any CPU.ActiveCfg = Release|Any CPU
		{B04991E3-8BBD-4CAD-B254-3B67C25B1659}.Release|Any CPU.Build.0 = Release|Any CPU
		{41B0E4FA-1CF1-49A9-817A-AA5DC235C966}.Debug|Any CPU.ActiveCfg = Debug|Any CPU
		{41B0E4FA-1CF1-49A9-817A-AA5DC235C966}.Debug|Any CPU.Build.0 = Debug|Any CPU
		{41B0E4FA-1CF1-49A9-817A-AA5DC235C966}.Release|Any CPU.ActiveCfg = Release|Any CPU
		{41B0E4FA-1CF1-49A9-817A-AA5DC235C966}.Release|Any CPU.Build.0 = Release|Any CPU
		{6F6D0DA7-3039-425A-9242-DDFF88826445}.Debug|Any CPU.ActiveCfg = Debug|Any CPU
		{6F6D0DA7-3039-425A-9242-DDFF88826445}.Debug|Any CPU.Build.0 = Debug|Any CPU
		{6F6D0DA7-3039-425A-9242-DDFF88826445}.Release|Any CPU.ActiveCfg = Release|Any CPU
		{6F6D0DA7-3039-425A-9242-DDFF88826445}.Release|Any CPU.Build.0 = Release|Any CPU
		{DDB97916-F812-4DBC-9A2A-E35A476C1977}.Debug|Any CPU.ActiveCfg = Debug|Any CPU
		{DDB97916-F812-4DBC-9A2A-E35A476C1977}.Debug|Any CPU.Build.0 = Debug|Any CPU
		{DDB97916-F812-4DBC-9A2A-E35A476C1977}.Release|Any CPU.ActiveCfg = Release|Any CPU
		{DDB97916-F812-4DBC-9A2A-E35A476C1977}.Release|Any CPU.Build.0 = Release|Any CPU
		{6CDE738A-5B49-4075-9402-1C70FEBCBCA9}.Debug|Any CPU.ActiveCfg = Debug|Any CPU
		{6CDE738A-5B49-4075-9402-1C70FEBCBCA9}.Debug|Any CPU.Build.0 = Debug|Any CPU
		{6CDE738A-5B49-4075-9402-1C70FEBCBCA9}.Release|Any CPU.ActiveCfg = Release|Any CPU
		{6CDE738A-5B49-4075-9402-1C70FEBCBCA9}.Release|Any CPU.Build.0 = Release|Any CPU
		{01C763AF-65FA-4129-9F88-52C9F3FC2897}.Debug|Any CPU.ActiveCfg = Debug|Any CPU
		{01C763AF-65FA-4129-9F88-52C9F3FC2897}.Debug|Any CPU.Build.0 = Debug|Any CPU
		{01C763AF-65FA-4129-9F88-52C9F3FC2897}.Release|Any CPU.ActiveCfg = Release|Any CPU
		{01C763AF-65FA-4129-9F88-52C9F3FC2897}.Release|Any CPU.Build.0 = Release|Any CPU
		{4E90222C-5332-49D5-AAB9-9BA6C29F1622}.Debug|Any CPU.ActiveCfg = Debug|Any CPU
		{4E90222C-5332-49D5-AAB9-9BA6C29F1622}.Debug|Any CPU.Build.0 = Debug|Any CPU
		{4E90222C-5332-49D5-AAB9-9BA6C29F1622}.Release|Any CPU.ActiveCfg = Release|Any CPU
		{4E90222C-5332-49D5-AAB9-9BA6C29F1622}.Release|Any CPU.Build.0 = Release|Any CPU
		{D67BBDB7-9CE7-4AF9-915F-78508CAA1183}.Debug|Any CPU.ActiveCfg = Debug|Any CPU
		{D67BBDB7-9CE7-4AF9-915F-78508CAA1183}.Debug|Any CPU.Build.0 = Debug|Any CPU
		{D67BBDB7-9CE7-4AF9-915F-78508CAA1183}.Release|Any CPU.ActiveCfg = Release|Any CPU
		{D67BBDB7-9CE7-4AF9-915F-78508CAA1183}.Release|Any CPU.Build.0 = Release|Any CPU
		{2FFE4542-7B32-4A3E-8169-17B3A750E9EC}.Debug|Any CPU.ActiveCfg = Debug|Any CPU
		{2FFE4542-7B32-4A3E-8169-17B3A750E9EC}.Debug|Any CPU.Build.0 = Debug|Any CPU
		{2FFE4542-7B32-4A3E-8169-17B3A750E9EC}.Release|Any CPU.ActiveCfg = Release|Any CPU
		{2FFE4542-7B32-4A3E-8169-17B3A750E9EC}.Release|Any CPU.Build.0 = Release|Any CPU
		{D9EFFD20-DC78-41E5-94F3-10CC78D6F58F}.Debug|Any CPU.ActiveCfg = Debug|Any CPU
		{D9EFFD20-DC78-41E5-94F3-10CC78D6F58F}.Debug|Any CPU.Build.0 = Debug|Any CPU
		{D9EFFD20-DC78-41E5-94F3-10CC78D6F58F}.Release|Any CPU.ActiveCfg = Release|Any CPU
		{D9EFFD20-DC78-41E5-94F3-10CC78D6F58F}.Release|Any CPU.Build.0 = Release|Any CPU
		{13C74845-9C1F-45F2-B10D-3E85FA1800A9}.Debug|Any CPU.ActiveCfg = Debug|Any CPU
		{13C74845-9C1F-45F2-B10D-3E85FA1800A9}.Debug|Any CPU.Build.0 = Debug|Any CPU
		{13C74845-9C1F-45F2-B10D-3E85FA1800A9}.Release|Any CPU.ActiveCfg = Release|Any CPU
		{13C74845-9C1F-45F2-B10D-3E85FA1800A9}.Release|Any CPU.Build.0 = Release|Any CPU
		{79FEB884-CE19-47B4-AC3D-86B7DA849655}.Debug|Any CPU.ActiveCfg = Debug|Any CPU
		{79FEB884-CE19-47B4-AC3D-86B7DA849655}.Debug|Any CPU.Build.0 = Debug|Any CPU
		{79FEB884-CE19-47B4-AC3D-86B7DA849655}.Release|Any CPU.ActiveCfg = Release|Any CPU
		{79FEB884-CE19-47B4-AC3D-86B7DA849655}.Release|Any CPU.Build.0 = Release|Any CPU
		{7F44D5CB-5430-4C81-AE7D-E24EE1C9CA37}.Debug|Any CPU.ActiveCfg = Debug|Any CPU
		{7F44D5CB-5430-4C81-AE7D-E24EE1C9CA37}.Debug|Any CPU.Build.0 = Debug|Any CPU
		{7F44D5CB-5430-4C81-AE7D-E24EE1C9CA37}.Release|Any CPU.ActiveCfg = Release|Any CPU
		{7F44D5CB-5430-4C81-AE7D-E24EE1C9CA37}.Release|Any CPU.Build.0 = Release|Any CPU
		{8C996EEB-B34C-4B12-AB00-F7BFF8011C99}.Debug|Any CPU.ActiveCfg = Debug|Any CPU
		{8C996EEB-B34C-4B12-AB00-F7BFF8011C99}.Debug|Any CPU.Build.0 = Debug|Any CPU
		{8C996EEB-B34C-4B12-AB00-F7BFF8011C99}.Release|Any CPU.ActiveCfg = Release|Any CPU
		{8C996EEB-B34C-4B12-AB00-F7BFF8011C99}.Release|Any CPU.Build.0 = Release|Any CPU
		{52B67788-37B8-4F0A-A29C-7D46B6101804}.Debug|Any CPU.ActiveCfg = Debug|Any CPU
		{52B67788-37B8-4F0A-A29C-7D46B6101804}.Debug|Any CPU.Build.0 = Debug|Any CPU
		{52B67788-37B8-4F0A-A29C-7D46B6101804}.Release|Any CPU.ActiveCfg = Release|Any CPU
		{52B67788-37B8-4F0A-A29C-7D46B6101804}.Release|Any CPU.Build.0 = Release|Any CPU
		{CDAA2939-EC3D-49E4-BEC4-CA86E5CFF0E2}.Debug|Any CPU.ActiveCfg = Debug|Any CPU
		{CDAA2939-EC3D-49E4-BEC4-CA86E5CFF0E2}.Debug|Any CPU.Build.0 = Debug|Any CPU
		{CDAA2939-EC3D-49E4-BEC4-CA86E5CFF0E2}.Release|Any CPU.ActiveCfg = Release|Any CPU
		{CDAA2939-EC3D-49E4-BEC4-CA86E5CFF0E2}.Release|Any CPU.Build.0 = Release|Any CPU
		{9303B26D-717B-40B6-9E85-72A75C8E238E}.Debug|Any CPU.ActiveCfg = Debug|Any CPU
		{9303B26D-717B-40B6-9E85-72A75C8E238E}.Debug|Any CPU.Build.0 = Debug|Any CPU
		{9303B26D-717B-40B6-9E85-72A75C8E238E}.Release|Any CPU.ActiveCfg = Release|Any CPU
		{9303B26D-717B-40B6-9E85-72A75C8E238E}.Release|Any CPU.Build.0 = Release|Any CPU
		{BB0AB8DE-6F47-49BA-BF11-8C035D2699D2}.Debug|Any CPU.ActiveCfg = Debug|Any CPU
		{BB0AB8DE-6F47-49BA-BF11-8C035D2699D2}.Debug|Any CPU.Build.0 = Debug|Any CPU
		{BB0AB8DE-6F47-49BA-BF11-8C035D2699D2}.Release|Any CPU.ActiveCfg = Release|Any CPU
		{BB0AB8DE-6F47-49BA-BF11-8C035D2699D2}.Release|Any CPU.Build.0 = Release|Any CPU
		{71E2EFC5-A58D-472B-B414-37F626C97D42}.Debug|Any CPU.ActiveCfg = Debug|Any CPU
		{71E2EFC5-A58D-472B-B414-37F626C97D42}.Debug|Any CPU.Build.0 = Debug|Any CPU
		{71E2EFC5-A58D-472B-B414-37F626C97D42}.Release|Any CPU.ActiveCfg = Release|Any CPU
		{71E2EFC5-A58D-472B-B414-37F626C97D42}.Release|Any CPU.Build.0 = Release|Any CPU
		{9B66AE7B-5682-46BE-BF1F-CC231855C703}.Debug|Any CPU.ActiveCfg = Debug|Any CPU
		{9B66AE7B-5682-46BE-BF1F-CC231855C703}.Debug|Any CPU.Build.0 = Debug|Any CPU
		{9B66AE7B-5682-46BE-BF1F-CC231855C703}.Release|Any CPU.ActiveCfg = Release|Any CPU
		{9B66AE7B-5682-46BE-BF1F-CC231855C703}.Release|Any CPU.Build.0 = Release|Any CPU
		{4AA738DF-F742-4128-BBFD-08561BA2FF79}.Debug|Any CPU.ActiveCfg = Debug|Any CPU
		{4AA738DF-F742-4128-BBFD-08561BA2FF79}.Debug|Any CPU.Build.0 = Debug|Any CPU
		{4AA738DF-F742-4128-BBFD-08561BA2FF79}.Release|Any CPU.ActiveCfg = Release|Any CPU
		{4AA738DF-F742-4128-BBFD-08561BA2FF79}.Release|Any CPU.Build.0 = Release|Any CPU
		{59E63292-05D5-4B0E-858D-8A24E40B1571}.Debug|Any CPU.ActiveCfg = Debug|Any CPU
		{59E63292-05D5-4B0E-858D-8A24E40B1571}.Debug|Any CPU.Build.0 = Debug|Any CPU
		{59E63292-05D5-4B0E-858D-8A24E40B1571}.Release|Any CPU.ActiveCfg = Release|Any CPU
		{59E63292-05D5-4B0E-858D-8A24E40B1571}.Release|Any CPU.Build.0 = Release|Any CPU
		{11BA1984-91A2-419B-AC29-1BEEB0AEE870}.Debug|Any CPU.ActiveCfg = Debug|Any CPU
		{11BA1984-91A2-419B-AC29-1BEEB0AEE870}.Debug|Any CPU.Build.0 = Debug|Any CPU
		{11BA1984-91A2-419B-AC29-1BEEB0AEE870}.Release|Any CPU.ActiveCfg = Release|Any CPU
		{11BA1984-91A2-419B-AC29-1BEEB0AEE870}.Release|Any CPU.Build.0 = Release|Any CPU
		{F56B4200-D398-4DFF-AED7-0EF1EA5E903D}.Debug|Any CPU.ActiveCfg = Debug|Any CPU
		{F56B4200-D398-4DFF-AED7-0EF1EA5E903D}.Debug|Any CPU.Build.0 = Debug|Any CPU
		{F56B4200-D398-4DFF-AED7-0EF1EA5E903D}.Release|Any CPU.ActiveCfg = Release|Any CPU
		{F56B4200-D398-4DFF-AED7-0EF1EA5E903D}.Release|Any CPU.Build.0 = Release|Any CPU
		{B5DFD523-622F-4096-B73F-4758F8453C7C}.Debug|Any CPU.ActiveCfg = Debug|Any CPU
		{B5DFD523-622F-4096-B73F-4758F8453C7C}.Debug|Any CPU.Build.0 = Debug|Any CPU
		{B5DFD523-622F-4096-B73F-4758F8453C7C}.Release|Any CPU.ActiveCfg = Release|Any CPU
		{B5DFD523-622F-4096-B73F-4758F8453C7C}.Release|Any CPU.Build.0 = Release|Any CPU
		{D726398E-C849-46AE-8B45-E9CC07166240}.Debug|Any CPU.ActiveCfg = Debug|Any CPU
		{D726398E-C849-46AE-8B45-E9CC07166240}.Debug|Any CPU.Build.0 = Debug|Any CPU
		{D726398E-C849-46AE-8B45-E9CC07166240}.Release|Any CPU.ActiveCfg = Release|Any CPU
		{D726398E-C849-46AE-8B45-E9CC07166240}.Release|Any CPU.Build.0 = Release|Any CPU
		{A8E3A57E-BB31-49E4-AE69-7723EDBA3291}.Debug|Any CPU.ActiveCfg = Debug|Any CPU
		{A8E3A57E-BB31-49E4-AE69-7723EDBA3291}.Debug|Any CPU.Build.0 = Debug|Any CPU
		{A8E3A57E-BB31-49E4-AE69-7723EDBA3291}.Release|Any CPU.ActiveCfg = Release|Any CPU
		{A8E3A57E-BB31-49E4-AE69-7723EDBA3291}.Release|Any CPU.Build.0 = Release|Any CPU
		{8EB9CC5F-E7F3-4C41-9BFD-387410127DB7}.Debug|Any CPU.ActiveCfg = Debug|Any CPU
		{8EB9CC5F-E7F3-4C41-9BFD-387410127DB7}.Debug|Any CPU.Build.0 = Debug|Any CPU
		{8EB9CC5F-E7F3-4C41-9BFD-387410127DB7}.Release|Any CPU.ActiveCfg = Release|Any CPU
		{8EB9CC5F-E7F3-4C41-9BFD-387410127DB7}.Release|Any CPU.Build.0 = Release|Any CPU
	EndGlobalSection
	GlobalSection(SolutionProperties) = preSolution
		HideSolutionNode = FALSE
	EndGlobalSection
	GlobalSection(NestedProjects) = preSolution
		{E57E3669-8DF0-467B-84FD-3D0ABAAB8B3C} = {2E09AAA4-78A8-4999-98DD-1A9EE4977476}
		{436059A2-B8EF-444E-A3BE-16E3BAAFB9FC} = {E57E3669-8DF0-467B-84FD-3D0ABAAB8B3C}
		{B04991E3-8BBD-4CAD-B254-3B67C25B1659} = {436059A2-B8EF-444E-A3BE-16E3BAAFB9FC}
		{C0C71468-06F7-4931-A80B-D4663438FD28} = {2E09AAA4-78A8-4999-98DD-1A9EE4977476}
		{41B0E4FA-1CF1-49A9-817A-AA5DC235C966} = {C0C71468-06F7-4931-A80B-D4663438FD28}
		{6F6D0DA7-3039-425A-9242-DDFF88826445} = {C0C71468-06F7-4931-A80B-D4663438FD28}
		{DDB97916-F812-4DBC-9A2A-E35A476C1977} = {C0C71468-06F7-4931-A80B-D4663438FD28}
		{6CDE738A-5B49-4075-9402-1C70FEBCBCA9} = {C0C71468-06F7-4931-A80B-D4663438FD28}
		{4E90222C-5332-49D5-AAB9-9BA6C29F1622} = {C0C71468-06F7-4931-A80B-D4663438FD28}
		{D67BBDB7-9CE7-4AF9-915F-78508CAA1183} = {C0C71468-06F7-4931-A80B-D4663438FD28}
		{2FFE4542-7B32-4A3E-8169-17B3A750E9EC} = {C0C71468-06F7-4931-A80B-D4663438FD28}
		{D9EFFD20-DC78-41E5-94F3-10CC78D6F58F} = {436059A2-B8EF-444E-A3BE-16E3BAAFB9FC}
		{13C74845-9C1F-45F2-B10D-3E85FA1800A9} = {436059A2-B8EF-444E-A3BE-16E3BAAFB9FC}
		{79FEB884-CE19-47B4-AC3D-86B7DA849655} = {C0C71468-06F7-4931-A80B-D4663438FD28}
		{7F44D5CB-5430-4C81-AE7D-E24EE1C9CA37} = {C0C71468-06F7-4931-A80B-D4663438FD28}
		{8C996EEB-B34C-4B12-AB00-F7BFF8011C99} = {C0C71468-06F7-4931-A80B-D4663438FD28}
		{52B67788-37B8-4F0A-A29C-7D46B6101804} = {C0C71468-06F7-4931-A80B-D4663438FD28}
		{CDAA2939-EC3D-49E4-BEC4-CA86E5CFF0E2} = {C0C71468-06F7-4931-A80B-D4663438FD28}
		{9303B26D-717B-40B6-9E85-72A75C8E238E} = {C0C71468-06F7-4931-A80B-D4663438FD28}
		{BB0AB8DE-6F47-49BA-BF11-8C035D2699D2} = {436059A2-B8EF-444E-A3BE-16E3BAAFB9FC}
		{71E2EFC5-A58D-472B-B414-37F626C97D42} = {C0C71468-06F7-4931-A80B-D4663438FD28}
		{9B66AE7B-5682-46BE-BF1F-CC231855C703} = {436059A2-B8EF-444E-A3BE-16E3BAAFB9FC}
		{4AA738DF-F742-4128-BBFD-08561BA2FF79} = {436059A2-B8EF-444E-A3BE-16E3BAAFB9FC}
		{9A2B9DDE-F1E3-45D3-A5E1-0DE6D5E8AA64} = {E57E3669-8DF0-467B-84FD-3D0ABAAB8B3C}
		{59E63292-05D5-4B0E-858D-8A24E40B1571} = {9A2B9DDE-F1E3-45D3-A5E1-0DE6D5E8AA64}
		{11BA1984-91A2-419B-AC29-1BEEB0AEE870} = {9A2B9DDE-F1E3-45D3-A5E1-0DE6D5E8AA64}
		{F56B4200-D398-4DFF-AED7-0EF1EA5E903D} = {9A2B9DDE-F1E3-45D3-A5E1-0DE6D5E8AA64}
		{B5DFD523-622F-4096-B73F-4758F8453C7C} = {9A2B9DDE-F1E3-45D3-A5E1-0DE6D5E8AA64}
		{D726398E-C849-46AE-8B45-E9CC07166240} = {9A2B9DDE-F1E3-45D3-A5E1-0DE6D5E8AA64}
		{A8E3A57E-BB31-49E4-AE69-7723EDBA3291} = {C0C71468-06F7-4931-A80B-D4663438FD28}
		{8EB9CC5F-E7F3-4C41-9BFD-387410127DB7} = {C0C71468-06F7-4931-A80B-D4663438FD28}
	EndGlobalSection
	GlobalSection(ExtensibilityGlobals) = postSolution
		SolutionGuid = {58173793-6745-46F3-8B1D-71D07E329A7F}
	EndGlobalSection
EndGlobal
