
Microsoft Visual Studio Solution File, Format Version 12.00
# Visual Studio Version 16
VisualStudioVersion = 16.0.29613.14
MinimumVisualStudioVersion = 10.0.40219.1
Project("{2150E333-8FDC-42A3-9474-1A3956D46DE8}") = "src", "src", "{2E09AAA4-78A8-4999-98DD-1A9EE4977476}"
EndProject
Project("{2150E333-8FDC-42A3-9474-1A3956D46DE8}") = "Services", "Services", "{E57E3669-8DF0-467B-84FD-3D0ABAAB8B3C}"
EndProject
Project("{2150E333-8FDC-42A3-9474-1A3956D46DE8}") = "Definition", "Definition", "{436059A2-B8EF-444E-A3BE-16E3BAAFB9FC}"
EndProject
Project("{9A19103F-16F7-4668-BE54-9A1E7A4F7556}") = "Definition.Api", "src\Services\Definition\Definition.Api\Definition.Api.csproj", "{B04991E3-8BBD-4CAD-B254-3B67C25B1659}"
EndProject
Project("{2150E333-8FDC-42A3-9474-1A3956D46DE8}") = "Framework", "Framework", "{C0C71468-06F7-4931-A80B-D4663438FD28}"
EndProject
Project("{9A19103F-16F7-4668-BE54-9A1E7A4F7556}") = "Career.Shared", "src\Framework\Career.Shared\Career.Shared.csproj", "{41B0E4FA-1CF1-49A9-817A-AA5DC235C966}"
EndProject
Project("{9A19103F-16F7-4668-BE54-9A1E7A4F7556}") = "Career.Mvc", "src\Framework\Career.Mvc\Career.Mvc.csproj", "{6F6D0DA7-3039-425A-9242-DDFF88826445}"
EndProject
Project("{9A19103F-16F7-4668-BE54-9A1E7A4F7556}") = "Career.Extensions", "src\Framework\Career.Extensions\Career.Extensions.csproj", "{DDB97916-F812-4DBC-9A2A-E35A476C1977}"
EndProject
Project("{9A19103F-16F7-4668-BE54-9A1E7A4F7556}") = "Career.IoC", "src\Framework\Career.IoC\Career.IoC.csproj", "{6CDE738A-5B49-4075-9402-1C70FEBCBCA9}"
EndProject
Project("{E53339B2-1760-4266-BCC7-CA923CBCF16C}") = "docker-compose", "docker-compose.dcproj", "{01C763AF-65FA-4129-9F88-52C9F3FC2897}"
EndProject
Project("{2150E333-8FDC-42A3-9474-1A3956D46DE8}") = "Solution Items", "Solution Items", "{E4F47059-395A-496F-A577-14FF6B7D581A}"
	ProjectSection(SolutionItems) = preProject
		.editorconfig = .editorconfig
		.env = .env
	EndProjectSection
EndProject
Project("{9A19103F-16F7-4668-BE54-9A1E7A4F7556}") = "Career.Repositories", "src\Framework\Career.Repositories\Career.Repositories.csproj", "{4E90222C-5332-49D5-AAB9-9BA6C29F1622}"
EndProject
Project("{9A19103F-16F7-4668-BE54-9A1E7A4F7556}") = "Career.Mongo", "src\Framework\Career.Mongo\Career.Mongo.csproj", "{D67BBDB7-9CE7-4AF9-915F-78508CAA1183}"
EndProject
Project("{9A19103F-16F7-4668-BE54-9A1E7A4F7556}") = "Career.Migration", "src\Framework\Career.Migration\Career.Migration.csproj", "{2FFE4542-7B32-4A3E-8169-17B3A750E9EC}"
EndProject
Project("{FAE04EC0-301F-11D3-BF4B-00C04F79EFBC}") = "Definition.Application", "src\Services\Definition\Definition.Application\Definition.Application.csproj", "{D9EFFD20-DC78-41E5-94F3-10CC78D6F58F}"
EndProject
Project("{FAE04EC0-301F-11D3-BF4B-00C04F79EFBC}") = "Definition.Data", "src\Services\Definition\Definition.Data\Definition.Data.csproj", "{13C74845-9C1F-45F2-B10D-3E85FA1800A9}"
EndProject
Project("{FAE04EC0-301F-11D3-BF4B-00C04F79EFBC}") = "Career.Exceptions", "src\Framework\Career.Exceptions\Career.Exceptions.csproj", "{79FEB884-CE19-47B4-AC3D-86B7DA849655}"
EndProject
Project("{FAE04EC0-301F-11D3-BF4B-00C04F79EFBC}") = "Career.Swagger", "src\Framework\Career.Swagger\Career.Swagger.csproj", "{7F44D5CB-5430-4C81-AE7D-E24EE1C9CA37}"
EndProject
Project("{FAE04EC0-301F-11D3-BF4B-00C04F79EFBC}") = "Career.Data", "src\Framework\Career.Data\Career.Data.csproj", "{8C996EEB-B34C-4B12-AB00-F7BFF8011C99}"
EndProject
Project("{FAE04EC0-301F-11D3-BF4B-00C04F79EFBC}") = "Career.Logging", "src\Framework\Career.Logging\Career.Logging.csproj", "{52B67788-37B8-4F0A-A29C-7D46B6101804}"
EndProject
Project("{FAE04EC0-301F-11D3-BF4B-00C04F79EFBC}") = "Career.Cache", "src\Framework\Career.Cache\Career.Cache.csproj", "{CDAA2939-EC3D-49E4-BEC4-CA86E5CFF0E2}"
EndProject
Project("{FAE04EC0-301F-11D3-BF4B-00C04F79EFBC}") = "Career.Cache.Redis", "src\Framework\Career.Cache.Redis\Career.Cache.Redis.csproj", "{9303B26D-717B-40B6-9E85-72A75C8E238E}"
EndProject
Project("{FAE04EC0-301F-11D3-BF4B-00C04F79EFBC}") = "Definition.Contract", "src\Services\Definition\Definition.Contract\Definition.Contract.csproj", "{BB0AB8DE-6F47-49BA-BF11-8C035D2699D2}"
EndProject
Project("{FAE04EC0-301F-11D3-BF4B-00C04F79EFBC}") = "Career.Http", "src\Framework\Career.Http\Career.Http.csproj", "{71E2EFC5-A58D-472B-B414-37F626C97D42}"
EndProject
Project("{FAE04EC0-301F-11D3-BF4B-00C04F79EFBC}") = "Definition.HttpClient", "src\Services\Definition\Definition.HttpClient\Definition.HttpClient.csproj", "{9B66AE7B-5682-46BE-BF1F-CC231855C703}"
EndProject
Project("{2150E333-8FDC-42A3-9474-1A3956D46DE8}") = "Company", "Company", "{9A2B9DDE-F1E3-45D3-A5E1-0DE6D5E8AA64}"
EndProject
Project("{FAE04EC0-301F-11D3-BF4B-00C04F79EFBC}") = "Company.Api", "src\Services\Company\Company.Api\Company.Api.csproj", "{59E63292-05D5-4B0E-858D-8A24E40B1571}"
EndProject
Project("{FAE04EC0-301F-11D3-BF4B-00C04F79EFBC}") = "Company.Application", "src\Services\Company\Company.Application\Company.Application.csproj", "{11BA1984-91A2-419B-AC29-1BEEB0AEE870}"
EndProject
Project("{FAE04EC0-301F-11D3-BF4B-00C04F79EFBC}") = "Company.Domain", "src\Services\Company\Company.Domain\Company.Domain.csproj", "{F56B4200-D398-4DFF-AED7-0EF1EA5E903D}"
EndProject
Project("{FAE04EC0-301F-11D3-BF4B-00C04F79EFBC}") = "Company.Infrastructure", "src\Services\Company\Company.Infrastructure\Company.Infrastructure.csproj", "{D726398E-C849-46AE-8B45-E9CC07166240}"
EndProject
Project("{FAE04EC0-301F-11D3-BF4B-00C04F79EFBC}") = "Career.Configuration", "src\Framework\Career.Configuration\Career.Configuration.csproj", "{A8E3A57E-BB31-49E4-AE69-7723EDBA3291}"
EndProject
Project("{FAE04EC0-301F-11D3-BF4B-00C04F79EFBC}") = "Career.MediatR", "src\Framework\Career.MediatR\Career.MediatR.csproj", "{8EB9CC5F-E7F3-4C41-9BFD-387410127DB7}"
EndProject
Project("{FAE04EC0-301F-11D3-BF4B-00C04F79EFBC}") = "Career.EntityFramework", "src\Framework\Career.EntityFramework\Career.EntityFramework.csproj", "{2F2FD0ED-44AB-4B36-BBBC-5D5F7C3298CB}"
EndProject
Project("{FAE04EC0-301F-11D3-BF4B-00C04F79EFBC}") = "Career.Domain", "src\Framework\Career.Domain\Career.Domain.csproj", "{D61674FA-33BB-41AA-9A37-BE7CCEEA630A}"
EndProject
Project("{FAE04EC0-301F-11D3-BF4B-00C04F79EFBC}") = "Company.Tests", "src\Services\Company\Company.Tests\Company.Tests.csproj", "{EA755BAE-F813-4883-984A-0D0AD814829F}"
EndProject
Project("{FAE04EC0-301F-11D3-BF4B-00C04F79EFBC}") = "Company.HttpClient", "src\Services\Company\Company.HttpClient\Company.HttpClient.csproj", "{A15196EC-A5DF-4088-B2FF-ABC5FE2B7A87}"
EndProject
Project("{2150E333-8FDC-42A3-9474-1A3956D46DE8}") = "Job", "Job", "{5A49AB76-74EE-46C4-967B-FB497D7B96A6}"
EndProject
Project("{FAE04EC0-301F-11D3-BF4B-00C04F79EFBC}") = "Job.Api", "src\Services\Job\Job.Api\Job.Api.csproj", "{7F2AB2A1-F055-487C-8971-62F31D03851F}"
EndProject
Project("{FAE04EC0-301F-11D3-BF4B-00C04F79EFBC}") = "Job.Application", "src\Services\Job\Job.Application\Job.Application.csproj", "{C39D8E71-2AB8-4B39-96EA-441C65B176F6}"
EndProject
Project("{FAE04EC0-301F-11D3-BF4B-00C04F79EFBC}") = "Job.Domain", "src\Services\Job\Job.Domain\Job.Domain.csproj", "{0AD5B49D-531D-432F-9C42-CB787CDEA025}"
EndProject
Project("{FAE04EC0-301F-11D3-BF4B-00C04F79EFBC}") = "Job.Infrastructure", "src\Services\Job\Job.Infrastructure\Job.Infrastructure.csproj", "{19D110CA-DAF2-4153-A338-7616072735BF}"
EndProject
Project("{FAE04EC0-301F-11D3-BF4B-00C04F79EFBC}") = "Job.Test", "src\Services\Job\Job.Test\Job.Test.csproj", "{D0A1AB7D-E8D8-4324-98C0-A2F000AF9C65}"
EndProject
Project("{FAE04EC0-301F-11D3-BF4B-00C04F79EFBC}") = "Career.CAP", "src\Framework\Career.CAP\Career.CAP.csproj", "{80CD7A34-3190-4CE1-A7F7-8E713BD9778B}"
EndProject
Project("{2150E333-8FDC-42A3-9474-1A3956D46DE8}") = "Submodules", "Submodules", "{7C22B5A7-40AB-4622-AF71-E70431220D17}"
EndProject
Project("{FAE04EC0-301F-11D3-BF4B-00C04F79EFBC}") = "AspectCore", "src\Framework\Submodules\AspectCore\AspectCore\AspectCore.csproj", "{1F78DDBA-8150-434B-B1C0-29690ED7FED7}"
EndProject
Project("{FAE04EC0-301F-11D3-BF4B-00C04F79EFBC}") = "Career.EventHub", "src\Framework\Career.EventHub\Career.EventHub.csproj", "{64D5480B-5093-46D3-8A15-965DB8ACC8C8}"
EndProject
Project("{2150E333-8FDC-42A3-9474-1A3956D46DE8}") = "CV", "CV", "{EB6B585B-7E75-45E7-BEAA-1AC65AA5329B}"
EndProject
Project("{FAE04EC0-301F-11D3-BF4B-00C04F79EFBC}") = "CV.Api", "src\Services\CV\CV.Api\CV.Api.csproj", "{4A139B77-B40F-4C0D-A4AD-CA75A2334742}"
EndProject
Project("{FAE04EC0-301F-11D3-BF4B-00C04F79EFBC}") = "CV.Core", "src\Services\CV\CV.Core\CV.Core.csproj", "{978166B2-2672-4FC0-8C07-CFE1F6B6B2A0}"
EndProject
Project("{FAE04EC0-301F-11D3-BF4B-00C04F79EFBC}") = "CV.Application", "src\Services\CV\CV.Application\CV.Application.csproj", "{90F2F4E9-6A9A-43C2-A58F-7E68ADBC94E2}"
EndProject
Project("{FAE04EC0-301F-11D3-BF4B-00C04F79EFBC}") = "CV.Infrastructure", "src\Services\CV\CV.Infrastructure\CV.Infrastructure.csproj", "{28949C77-693D-47A8-8027-63E51AEAEDFB}"
EndProject
Project("{2150E333-8FDC-42A3-9474-1A3956D46DE8}") = "Identity", "Identity", "{B707A2CF-AF8F-4D36-8EDF-E39296F49C0E}"
EndProject
Project("{FAE04EC0-301F-11D3-BF4B-00C04F79EFBC}") = "Career.Identity", "src\Services\Identity\Career.Identity\Career.Identity.csproj", "{057AD8AB-EAF1-4212-B8DB-80A80A6183A9}"
EndProject
Project("{FAE04EC0-301F-11D3-BF4B-00C04F79EFBC}") = "Career.Consul", "src\Framework\Career.Consul\Career.Consul.csproj", "{3A8E3C4C-C0F9-4D33-936D-58ABC0D5E48F}"
EndProject
Project("{2150E333-8FDC-42A3-9474-1A3956D46DE8}") = "Gateways", "Gateways", "{7B15DB44-177A-4097-835D-35ED76560949}"
EndProject
Project("{FAE04EC0-301F-11D3-BF4B-00C04F79EFBC}") = "Gateway.Web.Api", "src\Gateways\Gateway.Web.Api\Gateway.Web.Api.csproj", "{C389F428-E64D-4185-8B98-1F24846491A8}"
EndProject
Global
	GlobalSection(SolutionConfigurationPlatforms) = preSolution
		Debug|Any CPU = Debug|Any CPU
		Release|Any CPU = Release|Any CPU
	EndGlobalSection
	GlobalSection(ProjectConfigurationPlatforms) = postSolution
		{B04991E3-8BBD-4CAD-B254-3B67C25B1659}.Debug|Any CPU.ActiveCfg = Debug|Any CPU
		{B04991E3-8BBD-4CAD-B254-3B67C25B1659}.Debug|Any CPU.Build.0 = Debug|Any CPU
		{B04991E3-8BBD-4CAD-B254-3B67C25B1659}.Release|Any CPU.ActiveCfg = Release|Any CPU
		{B04991E3-8BBD-4CAD-B254-3B67C25B1659}.Release|Any CPU.Build.0 = Release|Any CPU
		{41B0E4FA-1CF1-49A9-817A-AA5DC235C966}.Debug|Any CPU.ActiveCfg = Debug|Any CPU
		{41B0E4FA-1CF1-49A9-817A-AA5DC235C966}.Debug|Any CPU.Build.0 = Debug|Any CPU
		{41B0E4FA-1CF1-49A9-817A-AA5DC235C966}.Release|Any CPU.ActiveCfg = Release|Any CPU
		{41B0E4FA-1CF1-49A9-817A-AA5DC235C966}.Release|Any CPU.Build.0 = Release|Any CPU
		{6F6D0DA7-3039-425A-9242-DDFF88826445}.Debug|Any CPU.ActiveCfg = Debug|Any CPU
		{6F6D0DA7-3039-425A-9242-DDFF88826445}.Debug|Any CPU.Build.0 = Debug|Any CPU
		{6F6D0DA7-3039-425A-9242-DDFF88826445}.Release|Any CPU.ActiveCfg = Release|Any CPU
		{6F6D0DA7-3039-425A-9242-DDFF88826445}.Release|Any CPU.Build.0 = Release|Any CPU
		{DDB97916-F812-4DBC-9A2A-E35A476C1977}.Debug|Any CPU.ActiveCfg = Debug|Any CPU
		{DDB97916-F812-4DBC-9A2A-E35A476C1977}.Debug|Any CPU.Build.0 = Debug|Any CPU
		{DDB97916-F812-4DBC-9A2A-E35A476C1977}.Release|Any CPU.ActiveCfg = Release|Any CPU
		{DDB97916-F812-4DBC-9A2A-E35A476C1977}.Release|Any CPU.Build.0 = Release|Any CPU
		{6CDE738A-5B49-4075-9402-1C70FEBCBCA9}.Debug|Any CPU.ActiveCfg = Debug|Any CPU
		{6CDE738A-5B49-4075-9402-1C70FEBCBCA9}.Debug|Any CPU.Build.0 = Debug|Any CPU
		{6CDE738A-5B49-4075-9402-1C70FEBCBCA9}.Release|Any CPU.ActiveCfg = Release|Any CPU
		{6CDE738A-5B49-4075-9402-1C70FEBCBCA9}.Release|Any CPU.Build.0 = Release|Any CPU
		{01C763AF-65FA-4129-9F88-52C9F3FC2897}.Debug|Any CPU.ActiveCfg = Debug|Any CPU
		{01C763AF-65FA-4129-9F88-52C9F3FC2897}.Debug|Any CPU.Build.0 = Debug|Any CPU
		{01C763AF-65FA-4129-9F88-52C9F3FC2897}.Release|Any CPU.ActiveCfg = Release|Any CPU
		{01C763AF-65FA-4129-9F88-52C9F3FC2897}.Release|Any CPU.Build.0 = Release|Any CPU
		{4E90222C-5332-49D5-AAB9-9BA6C29F1622}.Debug|Any CPU.ActiveCfg = Debug|Any CPU
		{4E90222C-5332-49D5-AAB9-9BA6C29F1622}.Debug|Any CPU.Build.0 = Debug|Any CPU
		{4E90222C-5332-49D5-AAB9-9BA6C29F1622}.Release|Any CPU.ActiveCfg = Release|Any CPU
		{4E90222C-5332-49D5-AAB9-9BA6C29F1622}.Release|Any CPU.Build.0 = Release|Any CPU
		{D67BBDB7-9CE7-4AF9-915F-78508CAA1183}.Debug|Any CPU.ActiveCfg = Debug|Any CPU
		{D67BBDB7-9CE7-4AF9-915F-78508CAA1183}.Debug|Any CPU.Build.0 = Debug|Any CPU
		{D67BBDB7-9CE7-4AF9-915F-78508CAA1183}.Release|Any CPU.ActiveCfg = Release|Any CPU
		{D67BBDB7-9CE7-4AF9-915F-78508CAA1183}.Release|Any CPU.Build.0 = Release|Any CPU
		{2FFE4542-7B32-4A3E-8169-17B3A750E9EC}.Debug|Any CPU.ActiveCfg = Debug|Any CPU
		{2FFE4542-7B32-4A3E-8169-17B3A750E9EC}.Debug|Any CPU.Build.0 = Debug|Any CPU
		{2FFE4542-7B32-4A3E-8169-17B3A750E9EC}.Release|Any CPU.ActiveCfg = Release|Any CPU
		{2FFE4542-7B32-4A3E-8169-17B3A750E9EC}.Release|Any CPU.Build.0 = Release|Any CPU
		{D9EFFD20-DC78-41E5-94F3-10CC78D6F58F}.Debug|Any CPU.ActiveCfg = Debug|Any CPU
		{D9EFFD20-DC78-41E5-94F3-10CC78D6F58F}.Debug|Any CPU.Build.0 = Debug|Any CPU
		{D9EFFD20-DC78-41E5-94F3-10CC78D6F58F}.Release|Any CPU.ActiveCfg = Release|Any CPU
		{D9EFFD20-DC78-41E5-94F3-10CC78D6F58F}.Release|Any CPU.Build.0 = Release|Any CPU
		{13C74845-9C1F-45F2-B10D-3E85FA1800A9}.Debug|Any CPU.ActiveCfg = Debug|Any CPU
		{13C74845-9C1F-45F2-B10D-3E85FA1800A9}.Debug|Any CPU.Build.0 = Debug|Any CPU
		{13C74845-9C1F-45F2-B10D-3E85FA1800A9}.Release|Any CPU.ActiveCfg = Release|Any CPU
		{13C74845-9C1F-45F2-B10D-3E85FA1800A9}.Release|Any CPU.Build.0 = Release|Any CPU
		{79FEB884-CE19-47B4-AC3D-86B7DA849655}.Debug|Any CPU.ActiveCfg = Debug|Any CPU
		{79FEB884-CE19-47B4-AC3D-86B7DA849655}.Debug|Any CPU.Build.0 = Debug|Any CPU
		{79FEB884-CE19-47B4-AC3D-86B7DA849655}.Release|Any CPU.ActiveCfg = Release|Any CPU
		{79FEB884-CE19-47B4-AC3D-86B7DA849655}.Release|Any CPU.Build.0 = Release|Any CPU
		{7F44D5CB-5430-4C81-AE7D-E24EE1C9CA37}.Debug|Any CPU.ActiveCfg = Debug|Any CPU
		{7F44D5CB-5430-4C81-AE7D-E24EE1C9CA37}.Debug|Any CPU.Build.0 = Debug|Any CPU
		{7F44D5CB-5430-4C81-AE7D-E24EE1C9CA37}.Release|Any CPU.ActiveCfg = Release|Any CPU
		{7F44D5CB-5430-4C81-AE7D-E24EE1C9CA37}.Release|Any CPU.Build.0 = Release|Any CPU
		{8C996EEB-B34C-4B12-AB00-F7BFF8011C99}.Debug|Any CPU.ActiveCfg = Debug|Any CPU
		{8C996EEB-B34C-4B12-AB00-F7BFF8011C99}.Debug|Any CPU.Build.0 = Debug|Any CPU
		{8C996EEB-B34C-4B12-AB00-F7BFF8011C99}.Release|Any CPU.ActiveCfg = Release|Any CPU
		{8C996EEB-B34C-4B12-AB00-F7BFF8011C99}.Release|Any CPU.Build.0 = Release|Any CPU
		{52B67788-37B8-4F0A-A29C-7D46B6101804}.Debug|Any CPU.ActiveCfg = Debug|Any CPU
		{52B67788-37B8-4F0A-A29C-7D46B6101804}.Debug|Any CPU.Build.0 = Debug|Any CPU
		{52B67788-37B8-4F0A-A29C-7D46B6101804}.Release|Any CPU.ActiveCfg = Release|Any CPU
		{52B67788-37B8-4F0A-A29C-7D46B6101804}.Release|Any CPU.Build.0 = Release|Any CPU
		{CDAA2939-EC3D-49E4-BEC4-CA86E5CFF0E2}.Debug|Any CPU.ActiveCfg = Debug|Any CPU
		{CDAA2939-EC3D-49E4-BEC4-CA86E5CFF0E2}.Debug|Any CPU.Build.0 = Debug|Any CPU
		{CDAA2939-EC3D-49E4-BEC4-CA86E5CFF0E2}.Release|Any CPU.ActiveCfg = Release|Any CPU
		{CDAA2939-EC3D-49E4-BEC4-CA86E5CFF0E2}.Release|Any CPU.Build.0 = Release|Any CPU
		{9303B26D-717B-40B6-9E85-72A75C8E238E}.Debug|Any CPU.ActiveCfg = Debug|Any CPU
		{9303B26D-717B-40B6-9E85-72A75C8E238E}.Debug|Any CPU.Build.0 = Debug|Any CPU
		{9303B26D-717B-40B6-9E85-72A75C8E238E}.Release|Any CPU.ActiveCfg = Release|Any CPU
		{9303B26D-717B-40B6-9E85-72A75C8E238E}.Release|Any CPU.Build.0 = Release|Any CPU
		{BB0AB8DE-6F47-49BA-BF11-8C035D2699D2}.Debug|Any CPU.ActiveCfg = Debug|Any CPU
		{BB0AB8DE-6F47-49BA-BF11-8C035D2699D2}.Debug|Any CPU.Build.0 = Debug|Any CPU
		{BB0AB8DE-6F47-49BA-BF11-8C035D2699D2}.Release|Any CPU.ActiveCfg = Release|Any CPU
		{BB0AB8DE-6F47-49BA-BF11-8C035D2699D2}.Release|Any CPU.Build.0 = Release|Any CPU
		{71E2EFC5-A58D-472B-B414-37F626C97D42}.Debug|Any CPU.ActiveCfg = Debug|Any CPU
		{71E2EFC5-A58D-472B-B414-37F626C97D42}.Debug|Any CPU.Build.0 = Debug|Any CPU
		{71E2EFC5-A58D-472B-B414-37F626C97D42}.Release|Any CPU.ActiveCfg = Release|Any CPU
		{71E2EFC5-A58D-472B-B414-37F626C97D42}.Release|Any CPU.Build.0 = Release|Any CPU
		{9B66AE7B-5682-46BE-BF1F-CC231855C703}.Debug|Any CPU.ActiveCfg = Debug|Any CPU
		{9B66AE7B-5682-46BE-BF1F-CC231855C703}.Debug|Any CPU.Build.0 = Debug|Any CPU
		{9B66AE7B-5682-46BE-BF1F-CC231855C703}.Release|Any CPU.ActiveCfg = Release|Any CPU
		{9B66AE7B-5682-46BE-BF1F-CC231855C703}.Release|Any CPU.Build.0 = Release|Any CPU
		{59E63292-05D5-4B0E-858D-8A24E40B1571}.Debug|Any CPU.ActiveCfg = Debug|Any CPU
		{59E63292-05D5-4B0E-858D-8A24E40B1571}.Debug|Any CPU.Build.0 = Debug|Any CPU
		{59E63292-05D5-4B0E-858D-8A24E40B1571}.Release|Any CPU.ActiveCfg = Release|Any CPU
		{59E63292-05D5-4B0E-858D-8A24E40B1571}.Release|Any CPU.Build.0 = Release|Any CPU
		{11BA1984-91A2-419B-AC29-1BEEB0AEE870}.Debug|Any CPU.ActiveCfg = Debug|Any CPU
		{11BA1984-91A2-419B-AC29-1BEEB0AEE870}.Debug|Any CPU.Build.0 = Debug|Any CPU
		{11BA1984-91A2-419B-AC29-1BEEB0AEE870}.Release|Any CPU.ActiveCfg = Release|Any CPU
		{11BA1984-91A2-419B-AC29-1BEEB0AEE870}.Release|Any CPU.Build.0 = Release|Any CPU
		{F56B4200-D398-4DFF-AED7-0EF1EA5E903D}.Debug|Any CPU.ActiveCfg = Debug|Any CPU
		{F56B4200-D398-4DFF-AED7-0EF1EA5E903D}.Debug|Any CPU.Build.0 = Debug|Any CPU
		{F56B4200-D398-4DFF-AED7-0EF1EA5E903D}.Release|Any CPU.ActiveCfg = Release|Any CPU
		{F56B4200-D398-4DFF-AED7-0EF1EA5E903D}.Release|Any CPU.Build.0 = Release|Any CPU
		{D726398E-C849-46AE-8B45-E9CC07166240}.Debug|Any CPU.ActiveCfg = Debug|Any CPU
		{D726398E-C849-46AE-8B45-E9CC07166240}.Debug|Any CPU.Build.0 = Debug|Any CPU
		{D726398E-C849-46AE-8B45-E9CC07166240}.Release|Any CPU.ActiveCfg = Release|Any CPU
		{D726398E-C849-46AE-8B45-E9CC07166240}.Release|Any CPU.Build.0 = Release|Any CPU
		{A8E3A57E-BB31-49E4-AE69-7723EDBA3291}.Debug|Any CPU.ActiveCfg = Debug|Any CPU
		{A8E3A57E-BB31-49E4-AE69-7723EDBA3291}.Debug|Any CPU.Build.0 = Debug|Any CPU
		{A8E3A57E-BB31-49E4-AE69-7723EDBA3291}.Release|Any CPU.ActiveCfg = Release|Any CPU
		{A8E3A57E-BB31-49E4-AE69-7723EDBA3291}.Release|Any CPU.Build.0 = Release|Any CPU
		{8EB9CC5F-E7F3-4C41-9BFD-387410127DB7}.Debug|Any CPU.ActiveCfg = Debug|Any CPU
		{8EB9CC5F-E7F3-4C41-9BFD-387410127DB7}.Debug|Any CPU.Build.0 = Debug|Any CPU
		{8EB9CC5F-E7F3-4C41-9BFD-387410127DB7}.Release|Any CPU.ActiveCfg = Release|Any CPU
		{8EB9CC5F-E7F3-4C41-9BFD-387410127DB7}.Release|Any CPU.Build.0 = Release|Any CPU
		{2F2FD0ED-44AB-4B36-BBBC-5D5F7C3298CB}.Debug|Any CPU.ActiveCfg = Debug|Any CPU
		{2F2FD0ED-44AB-4B36-BBBC-5D5F7C3298CB}.Debug|Any CPU.Build.0 = Debug|Any CPU
		{2F2FD0ED-44AB-4B36-BBBC-5D5F7C3298CB}.Release|Any CPU.ActiveCfg = Release|Any CPU
		{2F2FD0ED-44AB-4B36-BBBC-5D5F7C3298CB}.Release|Any CPU.Build.0 = Release|Any CPU
		{D61674FA-33BB-41AA-9A37-BE7CCEEA630A}.Debug|Any CPU.ActiveCfg = Debug|Any CPU
		{D61674FA-33BB-41AA-9A37-BE7CCEEA630A}.Debug|Any CPU.Build.0 = Debug|Any CPU
		{D61674FA-33BB-41AA-9A37-BE7CCEEA630A}.Release|Any CPU.ActiveCfg = Release|Any CPU
		{D61674FA-33BB-41AA-9A37-BE7CCEEA630A}.Release|Any CPU.Build.0 = Release|Any CPU
		{EA755BAE-F813-4883-984A-0D0AD814829F}.Debug|Any CPU.ActiveCfg = Debug|Any CPU
		{EA755BAE-F813-4883-984A-0D0AD814829F}.Debug|Any CPU.Build.0 = Debug|Any CPU
		{EA755BAE-F813-4883-984A-0D0AD814829F}.Release|Any CPU.ActiveCfg = Release|Any CPU
		{EA755BAE-F813-4883-984A-0D0AD814829F}.Release|Any CPU.Build.0 = Release|Any CPU
		{A15196EC-A5DF-4088-B2FF-ABC5FE2B7A87}.Debug|Any CPU.ActiveCfg = Debug|Any CPU
		{A15196EC-A5DF-4088-B2FF-ABC5FE2B7A87}.Debug|Any CPU.Build.0 = Debug|Any CPU
		{A15196EC-A5DF-4088-B2FF-ABC5FE2B7A87}.Release|Any CPU.ActiveCfg = Release|Any CPU
		{A15196EC-A5DF-4088-B2FF-ABC5FE2B7A87}.Release|Any CPU.Build.0 = Release|Any CPU
		{7F2AB2A1-F055-487C-8971-62F31D03851F}.Debug|Any CPU.ActiveCfg = Debug|Any CPU
		{7F2AB2A1-F055-487C-8971-62F31D03851F}.Debug|Any CPU.Build.0 = Debug|Any CPU
		{7F2AB2A1-F055-487C-8971-62F31D03851F}.Release|Any CPU.ActiveCfg = Release|Any CPU
		{7F2AB2A1-F055-487C-8971-62F31D03851F}.Release|Any CPU.Build.0 = Release|Any CPU
		{C39D8E71-2AB8-4B39-96EA-441C65B176F6}.Debug|Any CPU.ActiveCfg = Debug|Any CPU
		{C39D8E71-2AB8-4B39-96EA-441C65B176F6}.Debug|Any CPU.Build.0 = Debug|Any CPU
		{C39D8E71-2AB8-4B39-96EA-441C65B176F6}.Release|Any CPU.ActiveCfg = Release|Any CPU
		{C39D8E71-2AB8-4B39-96EA-441C65B176F6}.Release|Any CPU.Build.0 = Release|Any CPU
		{0AD5B49D-531D-432F-9C42-CB787CDEA025}.Debug|Any CPU.ActiveCfg = Debug|Any CPU
		{0AD5B49D-531D-432F-9C42-CB787CDEA025}.Debug|Any CPU.Build.0 = Debug|Any CPU
		{0AD5B49D-531D-432F-9C42-CB787CDEA025}.Release|Any CPU.ActiveCfg = Release|Any CPU
		{0AD5B49D-531D-432F-9C42-CB787CDEA025}.Release|Any CPU.Build.0 = Release|Any CPU
		{19D110CA-DAF2-4153-A338-7616072735BF}.Debug|Any CPU.ActiveCfg = Debug|Any CPU
		{19D110CA-DAF2-4153-A338-7616072735BF}.Debug|Any CPU.Build.0 = Debug|Any CPU
		{19D110CA-DAF2-4153-A338-7616072735BF}.Release|Any CPU.ActiveCfg = Release|Any CPU
		{19D110CA-DAF2-4153-A338-7616072735BF}.Release|Any CPU.Build.0 = Release|Any CPU
		{D0A1AB7D-E8D8-4324-98C0-A2F000AF9C65}.Debug|Any CPU.ActiveCfg = Debug|Any CPU
		{D0A1AB7D-E8D8-4324-98C0-A2F000AF9C65}.Debug|Any CPU.Build.0 = Debug|Any CPU
		{D0A1AB7D-E8D8-4324-98C0-A2F000AF9C65}.Release|Any CPU.ActiveCfg = Release|Any CPU
		{D0A1AB7D-E8D8-4324-98C0-A2F000AF9C65}.Release|Any CPU.Build.0 = Release|Any CPU
		{80CD7A34-3190-4CE1-A7F7-8E713BD9778B}.Debug|Any CPU.ActiveCfg = Debug|Any CPU
		{80CD7A34-3190-4CE1-A7F7-8E713BD9778B}.Debug|Any CPU.Build.0 = Debug|Any CPU
		{80CD7A34-3190-4CE1-A7F7-8E713BD9778B}.Release|Any CPU.ActiveCfg = Release|Any CPU
		{80CD7A34-3190-4CE1-A7F7-8E713BD9778B}.Release|Any CPU.Build.0 = Release|Any CPU
		{1F78DDBA-8150-434B-B1C0-29690ED7FED7}.Debug|Any CPU.ActiveCfg = Debug|Any CPU
		{1F78DDBA-8150-434B-B1C0-29690ED7FED7}.Debug|Any CPU.Build.0 = Debug|Any CPU
		{1F78DDBA-8150-434B-B1C0-29690ED7FED7}.Release|Any CPU.ActiveCfg = Release|Any CPU
		{1F78DDBA-8150-434B-B1C0-29690ED7FED7}.Release|Any CPU.Build.0 = Release|Any CPU
		{64D5480B-5093-46D3-8A15-965DB8ACC8C8}.Debug|Any CPU.ActiveCfg = Debug|Any CPU
		{64D5480B-5093-46D3-8A15-965DB8ACC8C8}.Debug|Any CPU.Build.0 = Debug|Any CPU
		{64D5480B-5093-46D3-8A15-965DB8ACC8C8}.Release|Any CPU.ActiveCfg = Release|Any CPU
		{64D5480B-5093-46D3-8A15-965DB8ACC8C8}.Release|Any CPU.Build.0 = Release|Any CPU
		{4A139B77-B40F-4C0D-A4AD-CA75A2334742}.Debug|Any CPU.ActiveCfg = Debug|Any CPU
		{4A139B77-B40F-4C0D-A4AD-CA75A2334742}.Debug|Any CPU.Build.0 = Debug|Any CPU
		{4A139B77-B40F-4C0D-A4AD-CA75A2334742}.Release|Any CPU.ActiveCfg = Release|Any CPU
		{4A139B77-B40F-4C0D-A4AD-CA75A2334742}.Release|Any CPU.Build.0 = Release|Any CPU
		{978166B2-2672-4FC0-8C07-CFE1F6B6B2A0}.Debug|Any CPU.ActiveCfg = Debug|Any CPU
		{978166B2-2672-4FC0-8C07-CFE1F6B6B2A0}.Debug|Any CPU.Build.0 = Debug|Any CPU
		{978166B2-2672-4FC0-8C07-CFE1F6B6B2A0}.Release|Any CPU.ActiveCfg = Release|Any CPU
		{978166B2-2672-4FC0-8C07-CFE1F6B6B2A0}.Release|Any CPU.Build.0 = Release|Any CPU
		{90F2F4E9-6A9A-43C2-A58F-7E68ADBC94E2}.Debug|Any CPU.ActiveCfg = Debug|Any CPU
		{90F2F4E9-6A9A-43C2-A58F-7E68ADBC94E2}.Debug|Any CPU.Build.0 = Debug|Any CPU
		{90F2F4E9-6A9A-43C2-A58F-7E68ADBC94E2}.Release|Any CPU.ActiveCfg = Release|Any CPU
		{90F2F4E9-6A9A-43C2-A58F-7E68ADBC94E2}.Release|Any CPU.Build.0 = Release|Any CPU
		{28949C77-693D-47A8-8027-63E51AEAEDFB}.Debug|Any CPU.ActiveCfg = Debug|Any CPU
		{28949C77-693D-47A8-8027-63E51AEAEDFB}.Debug|Any CPU.Build.0 = Debug|Any CPU
		{28949C77-693D-47A8-8027-63E51AEAEDFB}.Release|Any CPU.ActiveCfg = Release|Any CPU
		{28949C77-693D-47A8-8027-63E51AEAEDFB}.Release|Any CPU.Build.0 = Release|Any CPU
		{057AD8AB-EAF1-4212-B8DB-80A80A6183A9}.Debug|Any CPU.ActiveCfg = Debug|Any CPU
		{057AD8AB-EAF1-4212-B8DB-80A80A6183A9}.Debug|Any CPU.Build.0 = Debug|Any CPU
		{057AD8AB-EAF1-4212-B8DB-80A80A6183A9}.Release|Any CPU.ActiveCfg = Release|Any CPU
		{057AD8AB-EAF1-4212-B8DB-80A80A6183A9}.Release|Any CPU.Build.0 = Release|Any CPU
		{3A8E3C4C-C0F9-4D33-936D-58ABC0D5E48F}.Debug|Any CPU.ActiveCfg = Debug|Any CPU
		{3A8E3C4C-C0F9-4D33-936D-58ABC0D5E48F}.Debug|Any CPU.Build.0 = Debug|Any CPU
		{3A8E3C4C-C0F9-4D33-936D-58ABC0D5E48F}.Release|Any CPU.ActiveCfg = Release|Any CPU
		{3A8E3C4C-C0F9-4D33-936D-58ABC0D5E48F}.Release|Any CPU.Build.0 = Release|Any CPU
		{C389F428-E64D-4185-8B98-1F24846491A8}.Debug|Any CPU.ActiveCfg = Debug|Any CPU
		{C389F428-E64D-4185-8B98-1F24846491A8}.Debug|Any CPU.Build.0 = Debug|Any CPU
		{C389F428-E64D-4185-8B98-1F24846491A8}.Release|Any CPU.ActiveCfg = Release|Any CPU
		{C389F428-E64D-4185-8B98-1F24846491A8}.Release|Any CPU.Build.0 = Release|Any CPU
	EndGlobalSection
	GlobalSection(SolutionProperties) = preSolution
		HideSolutionNode = FALSE
	EndGlobalSection
	GlobalSection(NestedProjects) = preSolution
		{E57E3669-8DF0-467B-84FD-3D0ABAAB8B3C} = {2E09AAA4-78A8-4999-98DD-1A9EE4977476}
		{436059A2-B8EF-444E-A3BE-16E3BAAFB9FC} = {E57E3669-8DF0-467B-84FD-3D0ABAAB8B3C}
		{B04991E3-8BBD-4CAD-B254-3B67C25B1659} = {436059A2-B8EF-444E-A3BE-16E3BAAFB9FC}
		{C0C71468-06F7-4931-A80B-D4663438FD28} = {2E09AAA4-78A8-4999-98DD-1A9EE4977476}
		{41B0E4FA-1CF1-49A9-817A-AA5DC235C966} = {C0C71468-06F7-4931-A80B-D4663438FD28}
		{6F6D0DA7-3039-425A-9242-DDFF88826445} = {C0C71468-06F7-4931-A80B-D4663438FD28}
		{DDB97916-F812-4DBC-9A2A-E35A476C1977} = {C0C71468-06F7-4931-A80B-D4663438FD28}
		{6CDE738A-5B49-4075-9402-1C70FEBCBCA9} = {C0C71468-06F7-4931-A80B-D4663438FD28}
		{4E90222C-5332-49D5-AAB9-9BA6C29F1622} = {C0C71468-06F7-4931-A80B-D4663438FD28}
		{D67BBDB7-9CE7-4AF9-915F-78508CAA1183} = {C0C71468-06F7-4931-A80B-D4663438FD28}
		{2FFE4542-7B32-4A3E-8169-17B3A750E9EC} = {C0C71468-06F7-4931-A80B-D4663438FD28}
		{D9EFFD20-DC78-41E5-94F3-10CC78D6F58F} = {436059A2-B8EF-444E-A3BE-16E3BAAFB9FC}
		{13C74845-9C1F-45F2-B10D-3E85FA1800A9} = {436059A2-B8EF-444E-A3BE-16E3BAAFB9FC}
		{79FEB884-CE19-47B4-AC3D-86B7DA849655} = {C0C71468-06F7-4931-A80B-D4663438FD28}
		{7F44D5CB-5430-4C81-AE7D-E24EE1C9CA37} = {C0C71468-06F7-4931-A80B-D4663438FD28}
		{8C996EEB-B34C-4B12-AB00-F7BFF8011C99} = {C0C71468-06F7-4931-A80B-D4663438FD28}
		{52B67788-37B8-4F0A-A29C-7D46B6101804} = {C0C71468-06F7-4931-A80B-D4663438FD28}
		{CDAA2939-EC3D-49E4-BEC4-CA86E5CFF0E2} = {C0C71468-06F7-4931-A80B-D4663438FD28}
		{9303B26D-717B-40B6-9E85-72A75C8E238E} = {C0C71468-06F7-4931-A80B-D4663438FD28}
		{BB0AB8DE-6F47-49BA-BF11-8C035D2699D2} = {436059A2-B8EF-444E-A3BE-16E3BAAFB9FC}
		{71E2EFC5-A58D-472B-B414-37F626C97D42} = {C0C71468-06F7-4931-A80B-D4663438FD28}
		{9B66AE7B-5682-46BE-BF1F-CC231855C703} = {436059A2-B8EF-444E-A3BE-16E3BAAFB9FC}
		{9A2B9DDE-F1E3-45D3-A5E1-0DE6D5E8AA64} = {E57E3669-8DF0-467B-84FD-3D0ABAAB8B3C}
		{59E63292-05D5-4B0E-858D-8A24E40B1571} = {9A2B9DDE-F1E3-45D3-A5E1-0DE6D5E8AA64}
		{11BA1984-91A2-419B-AC29-1BEEB0AEE870} = {9A2B9DDE-F1E3-45D3-A5E1-0DE6D5E8AA64}
		{F56B4200-D398-4DFF-AED7-0EF1EA5E903D} = {9A2B9DDE-F1E3-45D3-A5E1-0DE6D5E8AA64}
		{D726398E-C849-46AE-8B45-E9CC07166240} = {9A2B9DDE-F1E3-45D3-A5E1-0DE6D5E8AA64}
		{A8E3A57E-BB31-49E4-AE69-7723EDBA3291} = {C0C71468-06F7-4931-A80B-D4663438FD28}
		{8EB9CC5F-E7F3-4C41-9BFD-387410127DB7} = {C0C71468-06F7-4931-A80B-D4663438FD28}
		{2F2FD0ED-44AB-4B36-BBBC-5D5F7C3298CB} = {C0C71468-06F7-4931-A80B-D4663438FD28}
		{D61674FA-33BB-41AA-9A37-BE7CCEEA630A} = {C0C71468-06F7-4931-A80B-D4663438FD28}
		{EA755BAE-F813-4883-984A-0D0AD814829F} = {9A2B9DDE-F1E3-45D3-A5E1-0DE6D5E8AA64}
		{A15196EC-A5DF-4088-B2FF-ABC5FE2B7A87} = {9A2B9DDE-F1E3-45D3-A5E1-0DE6D5E8AA64}
		{5A49AB76-74EE-46C4-967B-FB497D7B96A6} = {E57E3669-8DF0-467B-84FD-3D0ABAAB8B3C}
		{7F2AB2A1-F055-487C-8971-62F31D03851F} = {5A49AB76-74EE-46C4-967B-FB497D7B96A6}
		{C39D8E71-2AB8-4B39-96EA-441C65B176F6} = {5A49AB76-74EE-46C4-967B-FB497D7B96A6}
		{0AD5B49D-531D-432F-9C42-CB787CDEA025} = {5A49AB76-74EE-46C4-967B-FB497D7B96A6}
		{19D110CA-DAF2-4153-A338-7616072735BF} = {5A49AB76-74EE-46C4-967B-FB497D7B96A6}
		{D0A1AB7D-E8D8-4324-98C0-A2F000AF9C65} = {5A49AB76-74EE-46C4-967B-FB497D7B96A6}
		{80CD7A34-3190-4CE1-A7F7-8E713BD9778B} = {C0C71468-06F7-4931-A80B-D4663438FD28}
		{7C22B5A7-40AB-4622-AF71-E70431220D17} = {C0C71468-06F7-4931-A80B-D4663438FD28}
		{1F78DDBA-8150-434B-B1C0-29690ED7FED7} = {7C22B5A7-40AB-4622-AF71-E70431220D17}
		{64D5480B-5093-46D3-8A15-965DB8ACC8C8} = {C0C71468-06F7-4931-A80B-D4663438FD28}
		{EB6B585B-7E75-45E7-BEAA-1AC65AA5329B} = {E57E3669-8DF0-467B-84FD-3D0ABAAB8B3C}
		{4A139B77-B40F-4C0D-A4AD-CA75A2334742} = {EB6B585B-7E75-45E7-BEAA-1AC65AA5329B}
		{978166B2-2672-4FC0-8C07-CFE1F6B6B2A0} = {EB6B585B-7E75-45E7-BEAA-1AC65AA5329B}
		{90F2F4E9-6A9A-43C2-A58F-7E68ADBC94E2} = {EB6B585B-7E75-45E7-BEAA-1AC65AA5329B}
		{28949C77-693D-47A8-8027-63E51AEAEDFB} = {EB6B585B-7E75-45E7-BEAA-1AC65AA5329B}
		{B707A2CF-AF8F-4D36-8EDF-E39296F49C0E} = {E57E3669-8DF0-467B-84FD-3D0ABAAB8B3C}
		{057AD8AB-EAF1-4212-B8DB-80A80A6183A9} = {B707A2CF-AF8F-4D36-8EDF-E39296F49C0E}
		{3A8E3C4C-C0F9-4D33-936D-58ABC0D5E48F} = {C0C71468-06F7-4931-A80B-D4663438FD28}
		{7B15DB44-177A-4097-835D-35ED76560949} = {2E09AAA4-78A8-4999-98DD-1A9EE4977476}
		{C389F428-E64D-4185-8B98-1F24846491A8} = {7B15DB44-177A-4097-835D-35ED76560949}
	EndGlobalSection
	GlobalSection(ExtensibilityGlobals) = postSolution
		SolutionGuid = {58173793-6745-46F3-8B1D-71D07E329A7F}
	EndGlobalSection
EndGlobal
